{
    "_meta": {
        "hash": {
            "sha256": "4046c2ffd3089ce35e098250056b00ab779ffdced4bbbad46b2f4c594f02e0a1"
        },
        "pipfile-spec": 6,
        "requires": {
            "python_version": "3.10"
        },
        "sources": [
            {
                "name": "pypi",
                "url": "https://pypi.org/simple",
                "verify_ssl": true
            }
        ]
    },
    "default": {
        "cython": {
            "hashes": [
                "sha256:0bca6a7504e8cfc63a4d3c7c9b9a04e5d05501942a6c8cee177363b61a32c2d4",
                "sha256:17c74f80b06e2fa8ffc8acd41925f4f9922da8a219cd25c6901beab2f7c56cc5",
                "sha256:19ccf7fc527cf556e2e6a3dfeffcadfbcabd24a59a988289117795dfed8a25ad",
                "sha256:1ea33c1c57f331f5653baa1313e445fbe80d1da56dd9a42c8611037887897b9d",
                "sha256:1ef90023da8a9bf84cf16f06186db0906d2ce52a09f751e2cb9d3da9d54eae46",
                "sha256:1ff2cc5518558c598028ae8d9a43401e0e734b74b6e598156b005328c9da3472",
                "sha256:25ff471a459aad82146973b0b8c177175ab896051080713d3035ad4418739f66",
                "sha256:28fb10aabd56a2e4d399273b48e106abe5a0d271728fd5eed3d36e7171000045",
                "sha256:2edd9f8edca69178d74cbbbc180bc3e848433c9b7dc80374a11a0bb0076c926d",
                "sha256:2fe34615c13ace29e77bf9d21c26188d23eff7ad8b3e248da70404e5f5436b95",
                "sha256:41c0cfd2d754e383c9eeb95effc9aa4ab847d0c9747077ddd7c0dcb68c3bc01f",
                "sha256:50d506d73a46c4a522ef9fdafcbf7a827ba13907b18ff58f61a8fa0887d0bd8d",
                "sha256:53f93a8c342e9445a8f0cb7039775294f2dbbe5241936573daeaf0afe30397e4",
                "sha256:568625e8274ee7288ad87b0f615ec36ab446ca9b35e77481ed010027d99c7020",
                "sha256:6058a6d04e04d790cda530e1ff675e9352359eb4b777920df3cac2b62a9a030f",
                "sha256:68abee3be27f21c9642a07a93f8333d491f4c52bc70068e42f51685df9ac1a57",
                "sha256:69af2365de2343b4e5a61c567e7611ddf2575ae6f6e5c01968f7d4f2747324eb",
                "sha256:6a571d7c7b52ee12d73bc65b4855779c069545da3bac26bec06a1389ad17ade5",
                "sha256:6c4d7e36fe0211e394adffd296382b435ac22762d14f2fe45c506c230f91cf2d",
                "sha256:74bddfc7dc8958526b2018d3adc1aa6dc9cf2a24095c972e5ad06758c360b261",
                "sha256:768f65b16d23c630d8829ce1f95520ef1531a9c0489fa872d87c8c3813f65aee",
                "sha256:7ca921068242cd8b52544870c807fe285c1f248b12df7b6dfae25cc9957b965e",
                "sha256:7cb44aeaf6c5c25bd6a7562ece4eadf50d606fc9b5f624fa95bd0281e8bf0a97",
                "sha256:847d07fc02978c4433d01b4f5ee489b75fd42fd32ccf9cc4b5fd887e8cffe822",
                "sha256:86b7a13c6b23ab6471d40a320f573fbc8a4e39833947eebed96661145dc34771",
                "sha256:8894db6f5b6479a3c164e0454e13083ebffeaa9a0822668bb2319bdf1b783df1",
                "sha256:95bb13d8be507425d03ebe051f90d4b2a9fdccc64e4f30b35645fdb7542742eb",
                "sha256:9deef0761e8c798043dbb728a1c6df97b26e5edc65b8d6c7608b3c07af3eb722",
                "sha256:9f2a4b4587aaef08815410dc20653613ca04a120a2954a92c39e37c6b5fdf6be",
                "sha256:a216b2801c7d9c3babe0a10cc25da3bc92494d7047d1f732d3c47b0cceaf0941",
                "sha256:a9738f23d00d99481797b155ad58f8fc1c72096926ea2554b8ccc46e1d356c27",
                "sha256:ae75eac4f13cbbcb50b2097470dcea570182446a3ebd0f7e95dd425c2017a2d7",
                "sha256:af2f333f08c4c279f3480532341bf70ec8010bcbc7d8a6daa5ca0bf4513af295",
                "sha256:bdc0a4cb99f55e6878d4b67a4bfee23823484915cb6b7e9c9dd01002dd3592ea",
                "sha256:c6c0aea8491a70f98b7496b5057c9523740e02cec21cd678eef609d2aa6c1257",
                "sha256:cd77cedbcc13cb67aef39b8615fd50a67fc42b0c6defea6fc0a21e19d3a062ec",
                "sha256:de2045ceae1857e56a72f08e0acfa48c994277a353b7bdab1f097db9f8803f19",
                "sha256:e4b8269e5a5d127a2191b02b9df3636c0dac73f14f1ff8a831f39cb5197c4f38",
                "sha256:ee317f9bcab901a3db39c34ee5a27716f7132e5c0de150125342694d18b30f51",
                "sha256:f0df6552be39853b10dfb5a10dbd08f5c49023d6b390d7ce92d4792a8b6e73ee",
                "sha256:fdf377b0f6e9325b73ad88933136023184afdc795caeeaaf3dca13494cffd15e"
            ],
            "markers": "python_version >= '2.6' and python_version not in '3.0, 3.1, 3.2, 3.3'",
            "version": "==0.29.36"
        },
        "dill": {
            "hashes": [
                "sha256:76b122c08ef4ce2eedcd4d1abd8e641114bfc6c2867f49f3c41facf65bf19f5e",
                "sha256:cc1c8b182eb3013e24bd475ff2e9295af86c1a38eb1aff128dac8962a9ce3c03"
            ],
            "index": "pypi",
            "version": "==0.3.7"
        },
        "hdbscan": {
            "hashes": [
                "sha256:314b586eeace80c96311c9acc6b2805f7c4fac434db55925a578c3c4d294118e",
                "sha256:57fabc5f0e45f48d2407b35c731192abc896376411fe7e4bb836ffa03d38f90d"
            ],
            "index": "pypi",
            "version": "==0.8.33"
        },
        "joblib": {
            "hashes": [
                "sha256:92f865e621e17784e7955080b6d042489e3b8e294949cc44c6eac304f59772b1",
                "sha256:ef4331c65f239985f3f2220ecc87db222f08fd22097a3dd5698f693875f8cbb9"
            ],
            "markers": "python_version >= '3.7'",
            "version": "==1.3.2"
        },
        "numpy": {
            "hashes": [
                "sha256:0d60fbae8e0019865fc4784745814cff1c421df5afee233db6d88ab4f14655a2",
                "sha256:1a1329e26f46230bf77b02cc19e900db9b52f398d6722ca853349a782d4cff55",
                "sha256:1b9735c27cea5d995496f46a8b1cd7b408b3f34b6d50459d9ac8fe3a20cc17bf",
                "sha256:2792d23d62ec51e50ce4d4b7d73de8f67a2fd3ea710dcbc8563a51a03fb07b01",
                "sha256:3e0746410e73384e70d286f93abf2520035250aad8c5714240b0492a7302fdca",
                "sha256:4c3abc71e8b6edba80a01a52e66d83c5d14433cbcd26a40c329ec7ed09f37901",
                "sha256:5883c06bb92f2e6c8181df7b39971a5fb436288db58b5a1c3967702d4278691d",
                "sha256:5c97325a0ba6f9d041feb9390924614b60b99209a71a69c876f71052521d42a4",
                "sha256:60e7f0f7f6d0eee8364b9a6304c2845b9c491ac706048c7e8cf47b83123b8dbf",
                "sha256:76b4115d42a7dfc5d485d358728cdd8719be33cc5ec6ec08632a5d6fca2ed380",
                "sha256:7dc869c0c75988e1c693d0e2d5b26034644399dd929bc049db55395b1379e044",
                "sha256:834b386f2b8210dca38c71a6e0f4fd6922f7d3fcff935dbe3a570945acb1b545",
                "sha256:8b77775f4b7df768967a7c8b3567e309f617dd5e99aeb886fa14dc1a0791141f",
                "sha256:90319e4f002795ccfc9050110bbbaa16c944b1c37c0baeea43c5fb881693ae1f",
                "sha256:b79e513d7aac42ae918db3ad1341a015488530d0bb2a6abcbdd10a3a829ccfd3",
                "sha256:bb33d5a1cf360304754913a350edda36d5b8c5331a8237268c48f91253c3a364",
                "sha256:bec1e7213c7cb00d67093247f8c4db156fd03075f49876957dca4711306d39c9",
                "sha256:c5462d19336db4560041517dbb7759c21d181a67cb01b36ca109b2ae37d32418",
                "sha256:c5652ea24d33585ea39eb6a6a15dac87a1206a692719ff45d53c5282e66d4a8f",
                "sha256:d7806500e4f5bdd04095e849265e55de20d8cc4b661b038957354327f6d9b295",
                "sha256:db3ccc4e37a6873045580d413fe79b68e47a681af8db2e046f1dacfa11f86eb3",
                "sha256:dfe4a913e29b418d096e696ddd422d8a5d13ffba4ea91f9f60440a3b759b0187",
                "sha256:eb942bfb6f84df5ce05dbf4b46673ffed0d3da59f13635ea9b926af3deb76926",
                "sha256:f08f2e037bba04e707eebf4bc934f1972a315c883a9e0ebfa8a7756eabf9e357",
                "sha256:fd608e19c8d7c55021dffd43bfe5492fab8cc105cc8986f813f8c3c048b38760"
            ],
            "index": "pypi",
            "version": "==1.25.2"
        },
        "pandas": {
            "hashes": [
                "sha256:0164b85937707ec7f70b34a6c3a578dbf0f50787f910f21ca3b26a7fd3363437",
                "sha256:28f330845ad21c11db51e02d8d69acc9035edfd1116926ff7245c7215db57957",
                "sha256:38f74ef7ebc0ffb43b3d633e23d74882bce7e27bfa09607f3c5d3e03ffd9a4a5",
                "sha256:40dd20439ff94f1b2ed55b393ecee9cb6f3b08104c2c40b0cb7186a2f0046242",
                "sha256:629124923bcf798965b054a540f9ccdfd60f71361255c81fa1ecd94a904b9dd3",
                "sha256:62c24c7fc59e42b775ce0679cfa7b14a5f9bfb7643cfbe708c960699e05fb918",
                "sha256:6e6a0fe052cf27ceb29be9429428b4918f3740e37ff185658f40d8702f0b3e09",
                "sha256:70cf866af3ab346a10debba8ea78077cf3a8cd14bd5e4bed3d41555a3280041c",
                "sha256:86f100b3876b8c6d1a2c66207288ead435dc71041ee4aea789e55ef0e06408cb",
                "sha256:9d81e1813191070440d4c7a413cb673052b3b4a984ffd86b8dd468c45742d3cc",
                "sha256:b31da36d376d50a1a492efb18097b9101bdbd8b3fbb3f49006e02d4495d4c644",
                "sha256:b9a6ccf0963db88f9b12df6720e55f337447aea217f426a22d71f4213a3099a6",
                "sha256:cda72cc8c4761c8f1d97b169661f23a86b16fdb240bdc341173aee17e4d6cedd",
                "sha256:d4f38e4fedeba580285eaac7ede4f686c6701a9e618d8a857b138a126d067f2f",
                "sha256:d53c8c1001f6a192ff1de1efe03b31a423d0eee2e9e855e69d004308e046e694",
                "sha256:d8c58b1113892e0c8078f006a167cc210a92bdae23322bb4614f2f0b7a4b510f",
                "sha256:d97daeac0db8c993420b10da4f5f5b39b01fc9ca689a17844e07c0a35ac96b4b",
                "sha256:d99e678180bc59b0c9443314297bddce4ad35727a1a2656dbe585fd78710b3b9",
                "sha256:eb20252720b1cc1b7d0b2879ffc7e0542dd568f24d7c4b2347cb035206936421"
            ],
            "index": "pypi",
            "version": "==2.1.0"
        },
        "python-dateutil": {
            "hashes": [
                "sha256:0123cacc1627ae19ddf3c27a5de5bd67ee4586fbdd6440d9748f8abb483d3e86",
                "sha256:961d03dc3453ebbc59dbdea9e4e11c5651520a876d0f4db161e8674aae935da9"
            ],
            "markers": "python_version >= '2.7' and python_version not in '3.0, 3.1, 3.2, 3.3'",
            "version": "==2.8.2"
        },
        "pytz": {
            "hashes": [
                "sha256:1d8ce29db189191fb55338ee6d0387d82ab59f3d00eac103412d64e0ebd0c588",
                "sha256:a151b3abb88eda1d4e34a9814df37de2a80e301e68ba0fd856fb9b46bfbbbffb"
            ],
            "version": "==2023.3"
        },
        "scikit-learn": {
            "hashes": [
                "sha256:065e9673e24e0dc5113e2dd2b4ca30c9d8aa2fa90f4c0597241c93b63130d233",
                "sha256:2dd3ffd3950e3d6c0c0ef9033a9b9b32d910c61bd06cb8206303fb4514b88a49",
                "sha256:2e2642baa0ad1e8f8188917423dd73994bf25429f8893ddbe115be3ca3183584",
                "sha256:44b47a305190c28dd8dd73fc9445f802b6ea716669cfc22ab1eb97b335d238b1",
                "sha256:6477eed40dbce190f9f9e9d0d37e020815825b300121307942ec2110302b66a3",
                "sha256:6fe83b676f407f00afa388dd1fdd49e5c6612e551ed84f3b1b182858f09e987d",
                "sha256:7d5312d9674bed14f73773d2acf15a3272639b981e60b72c9b190a0cffed5bad",
                "sha256:7f69313884e8eb311460cc2f28676d5e400bd929841a2c8eb8742ae78ebf7c20",
                "sha256:8156db41e1c39c69aa2d8599ab7577af53e9e5e7a57b0504e116cc73c39138dd",
                "sha256:8429aea30ec24e7a8c7ed8a3fa6213adf3814a6efbea09e16e0a0c71e1a1a3d7",
                "sha256:8b0670d4224a3c2d596fd572fb4fa673b2a0ccfb07152688ebd2ea0b8c61025c",
                "sha256:953236889928d104c2ef14027539f5f2609a47ebf716b8cbe4437e85dce42744",
                "sha256:99cc01184e347de485bf253d19fcb3b1a3fb0ee4cea5ee3c43ec0cc429b6d29f",
                "sha256:9c710ff9f9936ba8a3b74a455ccf0dcf59b230caa1e9ba0223773c490cab1e51",
                "sha256:ad66c3848c0a1ec13464b2a95d0a484fd5b02ce74268eaa7e0c697b904f31d6c",
                "sha256:bf036ea7ef66115e0d49655f16febfa547886deba20149555a41d28f56fd6d3c",
                "sha256:dfeaf8be72117eb61a164ea6fc8afb6dfe08c6f90365bde2dc16456e4bc8e45f",
                "sha256:e6e574db9914afcb4e11ade84fab084536a895ca60aadea3041e85b8ac963edb",
                "sha256:ea061bf0283bf9a9f36ea3c5d3231ba2176221bbd430abd2603b1c3b2ed85c89",
                "sha256:fe0aa1a7029ed3e1dcbf4a5bc675aa3b1bc468d9012ecf6c6f081251ca47f590",
                "sha256:fe175ee1dab589d2e1033657c5b6bec92a8a3b69103e3dd361b58014729975c3"
            ],
            "index": "pypi",
            "version": "==1.2.2"
        },
        "scipy": {
            "hashes": [
                "sha256:0f3261f14b767b316d7137c66cc4f33a80ea05841b9c87ad83a726205b901423",
                "sha256:10eb6af2f751aa3424762948e5352f707b0dece77288206f227864ddf675aca0",
                "sha256:1342ca385c673208f32472830c10110a9dcd053cf0c4b7d4cd7026d0335a6c1d",
                "sha256:214cdf04bbae7a54784f8431f976704ed607c4bc69ba0d5d5d6a9df84374df76",
                "sha256:2b997a5369e2d30c97995dcb29d638701f8000d04df01b8e947f206e5d0ac788",
                "sha256:2c91cf049ffb5575917f2a01da1da082fd24ed48120d08a6e7297dfcac771dcd",
                "sha256:3aeb87661de987f8ec56fa6950863994cd427209158255a389fc5aea51fa7055",
                "sha256:4447ad057d7597476f9862ecbd9285bbf13ba9d73ce25acfa4e4b11c6801b4c9",
                "sha256:542a757e2a6ec409e71df3d8fd20127afbbacb1c07990cb23c5870c13953d899",
                "sha256:8d9886f44ef8c9e776cb7527fb01455bf4f4a46c455c4682edc2c2cc8cd78562",
                "sha256:90d3b1364e751d8214e325c371f0ee0dd38419268bf4888b2ae1040a6b266b2a",
                "sha256:95763fbda1206bec41157582bea482f50eb3702c85fffcf6d24394b071c0e87a",
                "sha256:ac74b1512d38718fb6a491c439aa7b3605b96b1ed3be6599c17d49d6c60fca18",
                "sha256:afdb0d983f6135d50770dd979df50bf1c7f58b5b33e0eb8cf5c73c70600eae1d",
                "sha256:b0620240ef445b5ddde52460e6bc3483b7c9c750275369379e5f609a1050911c",
                "sha256:b133f237bd8ba73bad51bc12eb4f2d84cbec999753bf25ba58235e9fc2096d80",
                "sha256:b29318a5e39bd200ca4381d80b065cdf3076c7d7281c5e36569e99273867f61d",
                "sha256:b8425fa963a32936c9773ee3ce44a765d8ff67eed5f4ac81dc1e4a819a238ee9",
                "sha256:d2b813bfbe8dec6a75164523de650bad41f4405d35b0fa24c2c28ae07fcefb20",
                "sha256:d690e1ca993c8f7ede6d22e5637541217fc6a4d3f78b3672a6fe454dbb7eb9a7",
                "sha256:e367904a0fec76433bf3fbf3e85bf60dae8e9e585ffd21898ab1085a29a04d16",
                "sha256:ea932570b1c2a30edafca922345854ff2cd20d43cd9123b6dacfdecebfc1a80b",
                "sha256:f28f1f6cfeb48339c192efc6275749b2a25a7e49c4d8369a28b6591da02fbc9a",
                "sha256:f73102f769ee06041a3aa26b5841359b1a93cc364ce45609657751795e8f4a4a",
                "sha256:fa4909c6c20c3d91480533cddbc0e7c6d849e7d9ded692918c76ce5964997898"
            ],
            "markers": "python_version < '3.13' and python_version >= '3.9'",
            "version": "==1.11.2"
        },
        "six": {
            "hashes": [
                "sha256:1e61c37477a1626458e36f7b1d82aa5c9b094fa4802892072e49de9c60c4c926",
                "sha256:8abb2f1d86890a2dfb989f9a77cfcfd3e47c2a354b01111771326f8aa26e0254"
            ],
            "markers": "python_version >= '2.7' and python_version not in '3.0, 3.1, 3.2, 3.3'",
            "version": "==1.16.0"
        },
        "threadpoolctl": {
            "hashes": [
                "sha256:2b7818516e423bdaebb97c723f86a7c6b0a83d3f3b0970328d66f4d9104dc032",
                "sha256:c96a0ba3bdddeaca37dc4cc7344aafad41cdb8c313f74fdfe387a867bba93355"
            ],
            "markers": "python_version >= '3.8'",
            "version": "==3.2.0"
        },
        "tzdata": {
            "hashes": [
                "sha256:11ef1e08e54acb0d4f95bdb1be05da659673de4acbd21bf9c69e94cc5e907a3a",
                "sha256:7e65763eef3120314099b6939b5546db7adce1e7d6f2e179e3df563c70511eda"
            ],
            "markers": "python_version >= '2'",
            "version": "==2023.3"
        }
    },
    "develop": {}
}
